Microsoft Visual Studio Solution File, Format Version 7.00
Project("{FAE04EC0-301F-11D3-BF4B-00C04F79EFBC}") = "JD3", "JD3.csproj", "{B6B6000D-6450-44F5-ABA0-2231914C8398}"
EndProject
Global
	GlobalSection(SolutionConfiguration) = preSolution
		ConfigName.0 = Debug
		ConfigName.1 = Release
	EndGlobalSection
	GlobalSection(ProjectDependencies) = postSolution
	EndGlobalSection
	GlobalSection(ProjectConfiguration) = postSolution
		{B6B6000D-6450-44F5-ABA0-2231914C8398}.Debug.ActiveCfg = Debug|.NET
		{B6B6000D-6450-44F5-ABA0-2231914C8398}.Debug.Build.0 = Debug|.NET
		{B6B6000D-6450-44F5-ABA0-2231914C8398}.Release.ActiveCfg = Release|.NET
		{B6B6000D-6450-44F5-ABA0-2231914C8398}.Release.Build.0 = Release|.NET
	EndGlobalSection
	GlobalSection(ExtensibilityGlobals) = postSolution
	EndGlobalSection
	GlobalSection(ExtensibilityAddIns) = postSolution
	EndGlobalSection
EndGlobal
